{
  "name": "x690-io",
  "version": "2.0.0",
  "lockfileVersion": 2,
  "requires": true,
  "packages": {
    "": {
      "name": "x690-io",
      "version": "2.0.0",
      "license": "MIT",
      "workspaces": [
        "deps/*"
      ],
      "dependencies": {
        "buffer-io": "^2.0.0",
        "structured-io": "^4.0.0"
      },
      "bin": {
        "x690-io": "cli.js"
      }
    },
    "node_modules/@dwbinns/terminal": {
      "version": "1.7.0",
      "license": "ISC"
    },
    "node_modules/auto-creating-map": {
      "version": "1.0.0",
      "license": "MIT"
    },
    "node_modules/buffer-io": {
      "version": "2.1.0",
      "license": "MIT"
    },
    "node_modules/structured-io": {
      "version": "4.0.0",
      "resolved": "https://registry.npmjs.org/structured-io/-/structured-io-4.0.0.tgz",
      "integrity": "sha512-+CU+oyAEGDIxnPI4piIjhC6roFMRc6aVnvzK5aKTSobr1oTrzkWPGl7gD6/ybhuR4bXKcFayaiGd+zkkmg+mug==",
      "dependencies": {
        "@dwbinns/terminal": "^1.6.0",
        "auto-creating-map": "1.0.0",
        "buffer-io": "^2.1.0"
      }
    }
  },
  "dependencies": {
    "@dwbinns/terminal": {
      "version": "1.7.0"
    },
    "auto-creating-map": {
      "version": "1.0.0"
    },
    "buffer-io": {
      "version": "2.1.0"
    },
    "structured-io": {
      "version": "4.0.0",
      "resolved": "https://registry.npmjs.org/structured-io/-/structured-io-4.0.0.tgz",
      "integrity": "sha512-+CU+oyAEGDIxnPI4piIjhC6roFMRc6aVnvzK5aKTSobr1oTrzkWPGl7gD6/ybhuR4bXKcFayaiGd+zkkmg+mug==",
      "requires": {
        "@dwbinns/terminal": "^1.6.0",
        "auto-creating-map": "1.0.0",
        "buffer-io": "^2.1.0"
      }
    }
  }
}
